
Microsoft Visual Studio Solution File, Format Version 12.00
# Visual Studio Version 16
VisualStudioVersion = 16.0.33214.272
MinimumVisualStudioVersion = 10.0.40219.1
Project("{FAE04EC0-301F-11D3-BF4B-00C04F79EFBC}") = "Fitness Gym Monitoring", "Fitness Gym Monitoring\Fitness Gym Monitoring.csproj", "{AECB2F42-09B5-4CCC-854E-CD5C7DF4EF9B}"
EndProject
Global
	GlobalSection(SolutionConfigurationPlatforms) = preSolution
		Debug|Any CPU = Debug|Any CPU
		Release|Any CPU = Release|Any CPU
	EndGlobalSection
	GlobalSection(ProjectConfigurationPlatforms) = postSolution
		{AECB2F42-09B5-4CCC-854E-CD5C7DF4EF9B}.Debug|Any CPU.ActiveCfg = Debug|Any CPU
		{AECB2F42-09B5-4CCC-854E-CD5C7DF4EF9B}.Debug|Any CPU.Build.0 = Debug|Any CPU
		{AECB2F42-09B5-4CCC-854E-CD5C7DF4EF9B}.Release|Any CPU.ActiveCfg = Release|Any CPU
		{AECB2F42-09B5-4CCC-854E-CD5C7DF4EF9B}.Release|Any CPU.Build.0 = Release|Any CPU
	EndGlobalSection
	GlobalSection(SolutionProperties) = preSolution
		HideSolutionNode = FALSE
	EndGlobalSection
	GlobalSection(ExtensibilityGlobals) = postSolution
		SolutionGuid = {F5C21951-4B4B-40EA-B91C-26F79C850E7A}
	EndGlobalSection
EndGlobal
